
Microsoft Visual Studio Solution File, Format Version 12.00
# Visual Studio 15
Project("{FAE04EC0-301F-11D3-BF4B-00C04F79EFBC}") = "Assembly-CSharp-firstpass", "Assembly-CSharp-firstpass.csproj", "{F554A399-755C-A268-9D1E-6E6E62DF10CD}"
EndProject
Project("{FAE04EC0-301F-11D3-BF4B-00C04F79EFBC}") = "Assembly-CSharp", "Assembly-CSharp.csproj", "{F32EDB49-2DA5-332A-CAAD-261540467B1B}"
EndProject
Project("{FAE04EC0-301F-11D3-BF4B-00C04F79EFBC}") = "Elringus.SpriteGlow.Runtime", "Elringus.SpriteGlow.Runtime.csproj", "{E8FF3847-4FCD-BE11-F0E3-A7D732224B4C}"
EndProject
Project("{FAE04EC0-301F-11D3-BF4B-00C04F79EFBC}") = "Assembly-CSharp-Editor-firstpass", "Assembly-CSharp-Editor-firstpass.csproj", "{3110BD85-3D14-592A-C1F9-48DF6200F850}"
EndProject
Global
	GlobalSection(SolutionConfigurationPlatforms) = preSolution
		Debug|Any CPU = Debug|Any CPU
		Release|Any CPU = Release|Any CPU
	EndGlobalSection
	GlobalSection(ProjectConfigurationPlatforms) = postSolution
		{F554A399-755C-A268-9D1E-6E6E62DF10CD}.Debug|Any CPU.ActiveCfg = Debug|Any CPU
		{F554A399-755C-A268-9D1E-6E6E62DF10CD}.Debug|Any CPU.Build.0 = Debug|Any CPU
		{F554A399-755C-A268-9D1E-6E6E62DF10CD}.Release|Any CPU.ActiveCfg = Release|Any CPU
		{F554A399-755C-A268-9D1E-6E6E62DF10CD}.Release|Any CPU.Build.0 = Release|Any CPU
		{F32EDB49-2DA5-332A-CAAD-261540467B1B}.Debug|Any CPU.ActiveCfg = Debug|Any CPU
		{F32EDB49-2DA5-332A-CAAD-261540467B1B}.Debug|Any CPU.Build.0 = Debug|Any CPU
		{F32EDB49-2DA5-332A-CAAD-261540467B1B}.Release|Any CPU.ActiveCfg = Release|Any CPU
		{F32EDB49-2DA5-332A-CAAD-261540467B1B}.Release|Any CPU.Build.0 = Release|Any CPU
		{E8FF3847-4FCD-BE11-F0E3-A7D732224B4C}.Debug|Any CPU.ActiveCfg = Debug|Any CPU
		{E8FF3847-4FCD-BE11-F0E3-A7D732224B4C}.Debug|Any CPU.Build.0 = Debug|Any CPU
		{E8FF3847-4FCD-BE11-F0E3-A7D732224B4C}.Release|Any CPU.ActiveCfg = Release|Any CPU
		{E8FF3847-4FCD-BE11-F0E3-A7D732224B4C}.Release|Any CPU.Build.0 = Release|Any CPU
		{3110BD85-3D14-592A-C1F9-48DF6200F850}.Debug|Any CPU.ActiveCfg = Debug|Any CPU
		{3110BD85-3D14-592A-C1F9-48DF6200F850}.Debug|Any CPU.Build.0 = Debug|Any CPU
		{3110BD85-3D14-592A-C1F9-48DF6200F850}.Release|Any CPU.ActiveCfg = Release|Any CPU
		{3110BD85-3D14-592A-C1F9-48DF6200F850}.Release|Any CPU.Build.0 = Release|Any CPU
	EndGlobalSection
	GlobalSection(SolutionProperties) = preSolution
		HideSolutionNode = FALSE
	EndGlobalSection
EndGlobal
